
Microsoft Visual Studio Solution File, Format Version 12.00
# Visual Studio Version 16
VisualStudioVersion = 16.0.30517.126
MinimumVisualStudioVersion = 10.0.40219.1
Project("{FAE04EC0-301F-11D3-BF4B-00C04F79EFBC}") = "Gym_Tec_Cliente", "Gym_Tec_Cliente.csproj", "{DCD9A9C7-F7A3-41B0-8046-13A75F162893}"
EndProject
Global
	GlobalSection(SolutionConfigurationPlatforms) = preSolution
		Debug|Any CPU = Debug|Any CPU
		Release|Any CPU = Release|Any CPU
	EndGlobalSection
	GlobalSection(ProjectConfigurationPlatforms) = postSolution
		{DCD9A9C7-F7A3-41B0-8046-13A75F162893}.Debug|Any CPU.ActiveCfg = Debug|Any CPU
		{DCD9A9C7-F7A3-41B0-8046-13A75F162893}.Debug|Any CPU.Build.0 = Debug|Any CPU
		{DCD9A9C7-F7A3-41B0-8046-13A75F162893}.Release|Any CPU.ActiveCfg = Release|Any CPU
		{DCD9A9C7-F7A3-41B0-8046-13A75F162893}.Release|Any CPU.Build.0 = Release|Any CPU
	EndGlobalSection
	GlobalSection(SolutionProperties) = preSolution
		HideSolutionNode = FALSE
	EndGlobalSection
	GlobalSection(ExtensibilityGlobals) = postSolution
		SolutionGuid = {E3EEC2CE-1382-413A-A9F1-45294AA865D7}
	EndGlobalSection
EndGlobal
